
Microsoft Visual Studio Solution File, Format Version 12.00
# Visual Studio Version 17
VisualStudioVersion = 17.7.34003.232
MinimumVisualStudioVersion = 10.0.40219.1
Project("{9A19103F-16F7-4668-BE54-9A1E7A4F7556}") = "Client", "Client\Client.csproj", "{7512E97A-C9C8-46C8-B51F-44BF2E050800}"
EndProject
Project("{9A19103F-16F7-4668-BE54-9A1E7A4F7556}") = "Server", "Server\Server.csproj", "{B0D2FA22-7B27-41E6-A0DD-02249F06865D}"
EndProject
Project("{FAE04EC0-301F-11D3-BF4B-00C04F79EFBC}") = "Utility", "Utility\Utility.csproj", "{BE331A6B-3091-40F4-AD55-473649A881C9}"
EndProject
Global
	GlobalSection(SolutionConfigurationPlatforms) = preSolution
		Debug|Any CPU = Debug|Any CPU
		Release|Any CPU = Release|Any CPU
	EndGlobalSection
	GlobalSection(ProjectConfigurationPlatforms) = postSolution
		{7512E97A-C9C8-46C8-B51F-44BF2E050800}.Debug|Any CPU.ActiveCfg = Debug|Any CPU
		{7512E97A-C9C8-46C8-B51F-44BF2E050800}.Debug|Any CPU.Build.0 = Debug|Any CPU
		{7512E97A-C9C8-46C8-B51F-44BF2E050800}.Release|Any CPU.ActiveCfg = Release|Any CPU
		{7512E97A-C9C8-46C8-B51F-44BF2E050800}.Release|Any CPU.Build.0 = Release|Any CPU
		{B0D2FA22-7B27-41E6-A0DD-02249F06865D}.Debug|Any CPU.ActiveCfg = Debug|Any CPU
		{B0D2FA22-7B27-41E6-A0DD-02249F06865D}.Debug|Any CPU.Build.0 = Debug|Any CPU
		{B0D2FA22-7B27-41E6-A0DD-02249F06865D}.Release|Any CPU.ActiveCfg = Release|Any CPU
		{B0D2FA22-7B27-41E6-A0DD-02249F06865D}.Release|Any CPU.Build.0 = Release|Any CPU
		{BE331A6B-3091-40F4-AD55-473649A881C9}.Debug|Any CPU.ActiveCfg = Debug|Any CPU
		{BE331A6B-3091-40F4-AD55-473649A881C9}.Debug|Any CPU.Build.0 = Debug|Any CPU
		{BE331A6B-3091-40F4-AD55-473649A881C9}.Release|Any CPU.ActiveCfg = Release|Any CPU
		{BE331A6B-3091-40F4-AD55-473649A881C9}.Release|Any CPU.Build.0 = Release|Any CPU
	EndGlobalSection
	GlobalSection(SolutionProperties) = preSolution
		HideSolutionNode = FALSE
	EndGlobalSection
	GlobalSection(ExtensibilityGlobals) = postSolution
		SolutionGuid = {0327CA2D-9125-4F37-A606-3E0266975CB7}
	EndGlobalSection
EndGlobal
